
Microsoft Visual Studio Solution File, Format Version 12.00
# Visual Studio Version 17
VisualStudioVersion = 17.3.32901.215
MinimumVisualStudioVersion = 10.0.40219.1
Project("{FAE04EC0-301F-11D3-BF4B-00C04F79EFBC}") = "menu", "menu\menu.csproj", "{BAE5D102-6C46-40B8-AA3B-A13E2D670B0D}"
EndProject
Global
	GlobalSection(SolutionConfigurationPlatforms) = preSolution
		Debug|Any CPU = Debug|Any CPU
		Release|Any CPU = Release|Any CPU
	EndGlobalSection
	GlobalSection(ProjectConfigurationPlatforms) = postSolution
		{BAE5D102-6C46-40B8-AA3B-A13E2D670B0D}.Debug|Any CPU.ActiveCfg = Debug|Any CPU
		{BAE5D102-6C46-40B8-AA3B-A13E2D670B0D}.Debug|Any CPU.Build.0 = Debug|Any CPU
		{BAE5D102-6C46-40B8-AA3B-A13E2D670B0D}.Release|Any CPU.ActiveCfg = Release|Any CPU
		{BAE5D102-6C46-40B8-AA3B-A13E2D670B0D}.Release|Any CPU.Build.0 = Release|Any CPU
	EndGlobalSection
	GlobalSection(SolutionProperties) = preSolution
		HideSolutionNode = FALSE
	EndGlobalSection
	GlobalSection(ExtensibilityGlobals) = postSolution
		SolutionGuid = {41DF4606-98AA-497D-AE3E-5857C98B724F}
	EndGlobalSection
EndGlobal
